{
  "name": "inventory-system",
  "version": "1.0.0",
  "lockfileVersion": 3,
  "requires": true,
  "packages": {
    "": {
      "name": "inventory-system",
      "version": "1.0.0",
      "dependencies": {
        "expo": "49.0.21",
        "expo-status-bar": "1.6.0",
        "react": "18.2.0",
        "react-native": "0.72.10",
        "react-native-webview": "13.2.2"
      },
      "devDependencies": {
        "@babel/core": "^7.20.0"
      }
    },
    "node_modules/@ampproject/remapping": {
      "version": "2.3.0",
      "resolved": "https://registry.npmjs.org/@ampproject/remapping/-/remapping-2.3.0.tgz",
      "integrity": "sha512-30iZtAPgz+LTIYoeivqYo853f02jBYSd5uGnGpkFV0M3xOt9aN73erkgYAmZU43x4VfqcnLxW9Kpg3R5LC4YYw==",
      "dependencies": {
        "@jridgewell/gen-mapping": "^0.3.5",
        "@jridgewell/trace-mapping": "^0.3.24"
      },
      "engines": {
        "node": ">=6.0.0"
      }
    }
  }
}
